
Microsoft Visual Studio Solution File, Format Version 12.00
# Visual Studio Version 17
VisualStudioVersion = 17.10.35013.160
MinimumVisualStudioVersion = 10.0.40219.1
Project("{9A19103F-16F7-4668-BE54-9A1E7A4F7556}") = "ApiGateway", "ApiGateway\ApiGateway.csproj", "{3A4EB306-B568-44DB-B730-B31AA4F30BFF}"
EndProject
Project("{9A19103F-16F7-4668-BE54-9A1E7A4F7556}") = "Services", "Services\Services.csproj", "{5064E5F6-9917-4CF1-914D-C751C8A3B06F}"
EndProject
Project("{9A19103F-16F7-4668-BE54-9A1E7A4F7556}") = "Models", "Models\Models.csproj", "{EC2D7045-F12F-4589-9B12-B7D059B41A7B}"
EndProject
Project("{9A19103F-16F7-4668-BE54-9A1E7A4F7556}") = "Middlewares", "Middlewares\Middlewares.csproj", "{1E904018-767C-4D08-9B57-3A284371637C}"
EndProject
Project("{FAE04EC0-301F-11D3-BF4B-00C04F79EFBC}") = "ApiGateway.Tests", "ApiGateway.Tests\ApiGateway.Tests.csproj", "{CE1189B1-2F2C-485A-AD8A-21FABA44FA97}"
EndProject
Global
	GlobalSection(SolutionConfigurationPlatforms) = preSolution
		Debug|Any CPU = Debug|Any CPU
		Release|Any CPU = Release|Any CPU
	EndGlobalSection
	GlobalSection(ProjectConfigurationPlatforms) = postSolution
		{3A4EB306-B568-44DB-B730-B31AA4F30BFF}.Debug|Any CPU.ActiveCfg = Debug|Any CPU
		{3A4EB306-B568-44DB-B730-B31AA4F30BFF}.Debug|Any CPU.Build.0 = Debug|Any CPU
		{3A4EB306-B568-44DB-B730-B31AA4F30BFF}.Release|Any CPU.ActiveCfg = Release|Any CPU
		{3A4EB306-B568-44DB-B730-B31AA4F30BFF}.Release|Any CPU.Build.0 = Release|Any CPU
		{5064E5F6-9917-4CF1-914D-C751C8A3B06F}.Debug|Any CPU.ActiveCfg = Debug|Any CPU
		{5064E5F6-9917-4CF1-914D-C751C8A3B06F}.Debug|Any CPU.Build.0 = Debug|Any CPU
		{5064E5F6-9917-4CF1-914D-C751C8A3B06F}.Release|Any CPU.ActiveCfg = Release|Any CPU
		{5064E5F6-9917-4CF1-914D-C751C8A3B06F}.Release|Any CPU.Build.0 = Release|Any CPU
		{EC2D7045-F12F-4589-9B12-B7D059B41A7B}.Debug|Any CPU.ActiveCfg = Debug|Any CPU
		{EC2D7045-F12F-4589-9B12-B7D059B41A7B}.Debug|Any CPU.Build.0 = Debug|Any CPU
		{EC2D7045-F12F-4589-9B12-B7D059B41A7B}.Release|Any CPU.ActiveCfg = Release|Any CPU
		{EC2D7045-F12F-4589-9B12-B7D059B41A7B}.Release|Any CPU.Build.0 = Release|Any CPU
		{1E904018-767C-4D08-9B57-3A284371637C}.Debug|Any CPU.ActiveCfg = Debug|Any CPU
		{1E904018-767C-4D08-9B57-3A284371637C}.Debug|Any CPU.Build.0 = Debug|Any CPU
		{1E904018-767C-4D08-9B57-3A284371637C}.Release|Any CPU.ActiveCfg = Release|Any CPU
		{1E904018-767C-4D08-9B57-3A284371637C}.Release|Any CPU.Build.0 = Release|Any CPU
		{CE1189B1-2F2C-485A-AD8A-21FABA44FA97}.Debug|Any CPU.ActiveCfg = Debug|Any CPU
		{CE1189B1-2F2C-485A-AD8A-21FABA44FA97}.Debug|Any CPU.Build.0 = Debug|Any CPU
		{CE1189B1-2F2C-485A-AD8A-21FABA44FA97}.Release|Any CPU.ActiveCfg = Release|Any CPU
		{CE1189B1-2F2C-485A-AD8A-21FABA44FA97}.Release|Any CPU.Build.0 = Release|Any CPU
	EndGlobalSection
	GlobalSection(SolutionProperties) = preSolution
		HideSolutionNode = FALSE
	EndGlobalSection
	GlobalSection(ExtensibilityGlobals) = postSolution
		SolutionGuid = {929678E8-4393-4DDC-AE45-E93575C049CE}
	EndGlobalSection
EndGlobal
